
Microsoft Visual Studio Solution File, Format Version 12.00
# Visual Studio Version 16
VisualStudioVersion = 16.0.33214.272
MinimumVisualStudioVersion = 10.0.40219.1
Project("{FAE04EC0-301F-11D3-BF4B-00C04F79EFBC}") = "Tarot", "tarot\Tarot.csproj", "{9799A661-A1DC-410A-9CD5-7555E93DDD6C}"
EndProject
Project("{FAE04EC0-301F-11D3-BF4B-00C04F79EFBC}") = "Logic", "Logic\Logic.csproj", "{11A67A5E-26D0-45F1-84F3-A43465268767}"
EndProject
Project("{FAE04EC0-301F-11D3-BF4B-00C04F79EFBC}") = "DataObjects", "DataObjects\DataObjects.csproj", "{83583905-F7B4-49CA-90FD-E6054C73D378}"
EndProject
Project("{FAE04EC0-301F-11D3-BF4B-00C04F79EFBC}") = "DataAccess", "DataAccess\DataAccess.csproj", "{1A307FBB-EBBB-4713-9239-8E66C4DE55BF}"
EndProject
Global
	GlobalSection(SolutionConfigurationPlatforms) = preSolution
		Debug|Any CPU = Debug|Any CPU
		Release|Any CPU = Release|Any CPU
	EndGlobalSection
	GlobalSection(ProjectConfigurationPlatforms) = postSolution
		{9799A661-A1DC-410A-9CD5-7555E93DDD6C}.Debug|Any CPU.ActiveCfg = Debug|Any CPU
		{9799A661-A1DC-410A-9CD5-7555E93DDD6C}.Debug|Any CPU.Build.0 = Debug|Any CPU
		{9799A661-A1DC-410A-9CD5-7555E93DDD6C}.Release|Any CPU.ActiveCfg = Release|Any CPU
		{9799A661-A1DC-410A-9CD5-7555E93DDD6C}.Release|Any CPU.Build.0 = Release|Any CPU
		{11A67A5E-26D0-45F1-84F3-A43465268767}.Debug|Any CPU.ActiveCfg = Debug|Any CPU
		{11A67A5E-26D0-45F1-84F3-A43465268767}.Debug|Any CPU.Build.0 = Debug|Any CPU
		{11A67A5E-26D0-45F1-84F3-A43465268767}.Release|Any CPU.ActiveCfg = Release|Any CPU
		{11A67A5E-26D0-45F1-84F3-A43465268767}.Release|Any CPU.Build.0 = Release|Any CPU
		{83583905-F7B4-49CA-90FD-E6054C73D378}.Debug|Any CPU.ActiveCfg = Debug|Any CPU
		{83583905-F7B4-49CA-90FD-E6054C73D378}.Debug|Any CPU.Build.0 = Debug|Any CPU
		{83583905-F7B4-49CA-90FD-E6054C73D378}.Release|Any CPU.ActiveCfg = Release|Any CPU
		{83583905-F7B4-49CA-90FD-E6054C73D378}.Release|Any CPU.Build.0 = Release|Any CPU
		{1A307FBB-EBBB-4713-9239-8E66C4DE55BF}.Debug|Any CPU.ActiveCfg = Debug|Any CPU
		{1A307FBB-EBBB-4713-9239-8E66C4DE55BF}.Debug|Any CPU.Build.0 = Debug|Any CPU
		{1A307FBB-EBBB-4713-9239-8E66C4DE55BF}.Release|Any CPU.ActiveCfg = Release|Any CPU
		{1A307FBB-EBBB-4713-9239-8E66C4DE55BF}.Release|Any CPU.Build.0 = Release|Any CPU
	EndGlobalSection
	GlobalSection(SolutionProperties) = preSolution
		HideSolutionNode = FALSE
	EndGlobalSection
	GlobalSection(ExtensibilityGlobals) = postSolution
		SolutionGuid = {6DD4A340-1660-4E2C-AC56-5C53CE6B3E24}
	EndGlobalSection
EndGlobal
